
Microsoft Visual Studio Solution File, Format Version 12.00
# Visual Studio Version 16
VisualStudioVersion = 16.0.29009.5
MinimumVisualStudioVersion = 10.0.40219.1
Project("{FAE04EC0-301F-11D3-BF4B-00C04F79EFBC}") = "quickStartPersonalTab", "quickStartPersonalTab.csproj", "{10E32D34-372B-4656-9E89-B034627B991F}"
EndProject
Global
	GlobalSection(SolutionConfigurationPlatforms) = preSolution
		Debug|Any CPU = Debug|Any CPU
		Release|Any CPU = Release|Any CPU
	EndGlobalSection
	GlobalSection(ProjectConfigurationPlatforms) = postSolution
		{10E32D34-372B-4656-9E89-B034627B991F}.Debug|Any CPU.ActiveCfg = Debug|Any CPU
		{10E32D34-372B-4656-9E89-B034627B991F}.Debug|Any CPU.Build.0 = Debug|Any CPU
		{10E32D34-372B-4656-9E89-B034627B991F}.Release|Any CPU.ActiveCfg = Release|Any CPU
		{10E32D34-372B-4656-9E89-B034627B991F}.Release|Any CPU.Build.0 = Release|Any CPU
	EndGlobalSection
	GlobalSection(SolutionProperties) = preSolution
		HideSolutionNode = FALSE
	EndGlobalSection
	GlobalSection(ExtensibilityGlobals) = postSolution
		SolutionGuid = {231BF99E-02C4-4C29-B01D-9A3FCAF239D2}
	EndGlobalSection
EndGlobal
